// !$*UTF8*$!
{
	archiveVersion = 1;
	classes = {
	};
	objectVersion = 46;
	objects = {

/* Begin PBXBuildFile section */
		0500AC6914EF3DF000923B58 /* EOSFile.h in Headers */ = {isa = PBXBuildFile; fileRef = 0500AC6714EF3DF000923B58 /* EOSFile.h */; };
		0500AC6A14EF3DF000923B58 /* EOSFile.m in Sources */ = {isa = PBXBuildFile; fileRef = 0500AC6814EF3DF000923B58 /* EOSFile.m */; };
		0500AC6E14EF424600923B58 /* EOSFile+Private.h in Headers */ = {isa = PBXBuildFile; fileRef = 0500AC6C14EF424600923B58 /* EOSFile+Private.h */; };
		0500AC6F14EF424600923B58 /* EOSFile+Private.m in Sources */ = {isa = PBXBuildFile; fileRef = 0500AC6D14EF424600923B58 /* EOSFile+Private.m */; };
		05438F1E14F13D2700DA859E /* EOSFTPServer+AsyncSocketDelegate.h in Headers */ = {isa = PBXBuildFile; fileRef = 05438F1C14F13D2700DA859E /* EOSFTPServer+AsyncSocketDelegate.h */; };
		05438F1F14F13D2700DA859E /* EOSFTPServer+AsyncSocketDelegate.m in Sources */ = {isa = PBXBuildFile; fileRef = 05438F1D14F13D2700DA859E /* EOSFTPServer+AsyncSocketDelegate.m */; };
		05438F2314F13F8D00DA859E /* EOSFTPServerConnection+AsyncSocketDelegate.h in Headers */ = {isa = PBXBuildFile; fileRef = 05438F2114F13F8C00DA859E /* EOSFTPServerConnection+AsyncSocketDelegate.h */; };
		05438F2414F13F8D00DA859E /* EOSFTPServerConnection+AsyncSocketDelegate.m in Sources */ = {isa = PBXBuildFile; fileRef = 05438F2214F13F8C00DA859E /* EOSFTPServerConnection+AsyncSocketDelegate.m */; };
		05438F2C14F1474300DA859E /* EOSFTPServer-Functions.h in Headers */ = {isa = PBXBuildFile; fileRef = 05438F2914F1474100DA859E /* EOSFTPServer-Functions.h */; };
		05438F2D14F1474300DA859E /* EOSFTPServer-Functions.m in Sources */ = {isa = PBXBuildFile; fileRef = 05438F2A14F1474200DA859E /* EOSFTPServer-Functions.m */; };
		05438F2E14F1474300DA859E /* EOSFTPServer-Types.h in Headers */ = {isa = PBXBuildFile; fileRef = 05438F2B14F1474200DA859E /* EOSFTPServer-Types.h */; };
		05438F3014F1476000DA859E /* EOSFTPServer-Macros.h in Headers */ = {isa = PBXBuildFile; fileRef = 05438F2F14F1475F00DA859E /* EOSFTPServer-Macros.h */; };
		05779ECF14EC65B1006C5D55 /* EOSFTPServer-Prefix.pch in Headers */ = {isa = PBXBuildFile; fileRef = 05779ECC14EC65B1006C5D55 /* EOSFTPServer-Prefix.pch */; };
		05779ED214EC6628006C5D55 /* EOSFTPServer.h in Headers */ = {isa = PBXBuildFile; fileRef = 05779ED014EC6628006C5D55 /* EOSFTPServer.h */; };
		05779ED314EC6628006C5D55 /* EOSFTPServer.m in Sources */ = {isa = PBXBuildFile; fileRef = 05779ED114EC6628006C5D55 /* EOSFTPServer.m */; };
		05779EDA14EC6643006C5D55 /* EOSFTPServerConnection.h in Headers */ = {isa = PBXBuildFile; fileRef = 05779ED814EC6643006C5D55 /* EOSFTPServerConnection.h */; };
		05779EDB14EC6643006C5D55 /* EOSFTPServerConnection.m in Sources */ = {isa = PBXBuildFile; fileRef = 05779ED914EC6643006C5D55 /* EOSFTPServerConnection.m */; };
		05779EDE14EC6653006C5D55 /* EOSFTPServerDataConnection.h in Headers */ = {isa = PBXBuildFile; fileRef = 05779EDC14EC6653006C5D55 /* EOSFTPServerDataConnection.h */; };
		05779EDF14EC6653006C5D55 /* EOSFTPServerDataConnection.m in Sources */ = {isa = PBXBuildFile; fileRef = 05779EDD14EC6653006C5D55 /* EOSFTPServerDataConnection.m */; };
		05779EE214EC6673006C5D55 /* EOSFTPServer+Private.h in Headers */ = {isa = PBXBuildFile; fileRef = 05779EE014EC6673006C5D55 /* EOSFTPServer+Private.h */; };
		05779EE314EC6673006C5D55 /* EOSFTPServer+Private.m in Sources */ = {isa = PBXBuildFile; fileRef = 05779EE114EC6673006C5D55 /* EOSFTPServer+Private.m */; };
		05779EE614EC66A4006C5D55 /* EOSFTPServerConnection+Private.h in Headers */ = {isa = PBXBuildFile; fileRef = 05779EE414EC66A4006C5D55 /* EOSFTPServerConnection+Private.h */; };
		05779EE714EC66A4006C5D55 /* EOSFTPServerConnection+Private.m in Sources */ = {isa = PBXBuildFile; fileRef = 05779EE514EC66A4006C5D55 /* EOSFTPServerConnection+Private.m */; };
		05779EEA14EC66B7006C5D55 /* EOSFTPServerDataConnection+Private.h in Headers */ = {isa = PBXBuildFile; fileRef = 05779EE814EC66B7006C5D55 /* EOSFTPServerDataConnection+Private.h */; };
		05779EEB14EC66B7006C5D55 /* EOSFTPServerDataConnection+Private.m in Sources */ = {isa = PBXBuildFile; fileRef = 05779EE914EC66B7006C5D55 /* EOSFTPServerDataConnection+Private.m */; };
		05779EF214EC6A37006C5D55 /* Foundation.framework in Frameworks */ = {isa = PBXBuildFile; fileRef = 05779EBE14EC655F006C5D55 /* Foundation.framework */; };
		05779F0114EC6B0E006C5D55 /* EOSFTPServerDelegate.h in Headers */ = {isa = PBXBuildFile; fileRef = 05779F0014EC6B0E006C5D55 /* EOSFTPServerDelegate.h */; };
		05779F0414EC6D11006C5D55 /* NSData+EOS.h in Headers */ = {isa = PBXBuildFile; fileRef = 05779F0214EC6D11006C5D55 /* NSData+EOS.h */; };
		05779F0514EC6D11006C5D55 /* NSData+EOS.m in Sources */ = {isa = PBXBuildFile; fileRef = 05779F0314EC6D11006C5D55 /* NSData+EOS.m */; };
		05A7F9A114ED137B0074653C /* EOSFTPServerUser.h in Headers */ = {isa = PBXBuildFile; fileRef = 05A7F99F14ED137B0074653C /* EOSFTPServerUser.h */; };
		05A7F9A214ED137B0074653C /* EOSFTPServerUser.m in Sources */ = {isa = PBXBuildFile; fileRef = 05A7F9A014ED137B0074653C /* EOSFTPServerUser.m */; };
		05A7F9A514ED138E0074653C /* EOSFTPServerUser+Private.h in Headers */ = {isa = PBXBuildFile; fileRef = 05A7F9A314ED138D0074653C /* EOSFTPServerUser+Private.h */; };
		05A7F9A614ED138E0074653C /* EOSFTPServerUser+Private.m in Sources */ = {isa = PBXBuildFile; fileRef = 05A7F9A414ED138D0074653C /* EOSFTPServerUser+Private.m */; };
		05A7F9A914ED14110074653C /* NSString+EOS.h in Headers */ = {isa = PBXBuildFile; fileRef = 05A7F9A714ED14110074653C /* NSString+EOS.h */; };
		05A7F9AA14ED14110074653C /* NSString+EOS.m in Sources */ = {isa = PBXBuildFile; fileRef = 05A7F9A814ED14110074653C /* NSString+EOS.m */; };
		05E4459C14F03343005A9A73 /* Cocoa.framework in Frameworks */ = {isa = PBXBuildFile; fileRef = 05F13EE314EDD20F003CDAAB /* Cocoa.framework */; };
		05E445A914F0334E005A9A73 /* AsyncSocket.m in Sources */ = {isa = PBXBuildFile; fileRef = 05E4459614F032B7005A9A73 /* AsyncSocket.m */; };
		05E445AA14F03355005A9A73 /* AsyncSocket.h in Headers */ = {isa = PBXBuildFile; fileRef = 05E4459514F032B7005A9A73 /* AsyncSocket.h */; };
		05E445AB14F033E5005A9A73 /* libAsyncSocket.a in Frameworks */ = {isa = PBXBuildFile; fileRef = 05E4459B14F03343005A9A73 /* libAsyncSocket.a */; };
		05E445AC14F033E5005A9A73 /* libEOSFTPServer.a in Frameworks */ = {isa = PBXBuildFile; fileRef = 05779EB614EC655E006C5D55 /* libEOSFTPServer.a */; };
		05E445B214F03477005A9A73 /* Defaults.plist in Resources */ = {isa = PBXBuildFile; fileRef = 05E445B114F03477005A9A73 /* Defaults.plist */; };
		05E445B414F038CE005A9A73 /* Localizable.strings in Resources */ = {isa = PBXBuildFile; fileRef = 05E445B314F038C6005A9A73 /* Localizable.strings */; };
		05E445B714F03A0F005A9A73 /* EOSFTPServerDesktopMainWindowController+NSTableViewDataSource.m in Sources */ = {isa = PBXBuildFile; fileRef = 05E445B614F03A0F005A9A73 /* EOSFTPServerDesktopMainWindowController+NSTableViewDataSource.m */; };
		05E445BA14F03A22005A9A73 /* EOSFTPServerDesktopMainWindowController+NSTableViewDelegate.m in Sources */ = {isa = PBXBuildFile; fileRef = 05E445B914F03A22005A9A73 /* EOSFTPServerDesktopMainWindowController+NSTableViewDelegate.m */; };
		05F13EE414EDD20F003CDAAB /* Cocoa.framework in Frameworks */ = {isa = PBXBuildFile; fileRef = 05F13EE314EDD20F003CDAAB /* Cocoa.framework */; };
		05F13F2F14EDD3AE003CDAAB /* MainMenu.xib in Resources */ = {isa = PBXBuildFile; fileRef = 05F13F2814EDD3AE003CDAAB /* MainMenu.xib */; };
		05F13F3114EDD3AE003CDAAB /* main.m in Sources */ = {isa = PBXBuildFile; fileRef = 05F13F2C14EDD3AE003CDAAB /* main.m */; };
		05F13F3314EDD3E5003CDAAB /* InfoPlist.strings in Resources */ = {isa = PBXBuildFile; fileRef = 05F13F2614EDD3AE003CDAAB /* InfoPlist.strings */; };
		05F13F3D14EDD52C003CDAAB /* EOSFTPServerDesktopApplicationDelegate.m in Sources */ = {isa = PBXBuildFile; fileRef = 05F13F3C14EDD52C003CDAAB /* EOSFTPServerDesktopApplicationDelegate.m */; };
		05F13F4A14EDDB70003CDAAB /* EOSFTPServerDesktopMainWindowController.m in Sources */ = {isa = PBXBuildFile; fileRef = 05F13F4914EDDB70003CDAAB /* EOSFTPServerDesktopMainWindowController.m */; };
		05F13F4D14EDDB8F003CDAAB /* MainWindow.xib in Resources */ = {isa = PBXBuildFile; fileRef = 05F13F4B14EDDB8F003CDAAB /* MainWindow.xib */; };
/* End PBXBuildFile section */

/* Begin PBXContainerItemProxy section */
		05E445AD14F033EA005A9A73 /* PBXContainerItemProxy */ = {
			isa = PBXContainerItemProxy;
			containerPortal = 05779EAD14EC655E006C5D55 /* Project object */;
			proxyType = 1;
			remoteGlobalIDString = 05E4459A14F03343005A9A73;
			remoteInfo = AsyncSocket;
		};
		05E445AF14F033EA005A9A73 /* PBXContainerItemProxy */ = {
			isa = PBXContainerItemProxy;
			containerPortal = 05779EAD14EC655E006C5D55 /* Project object */;
			proxyType = 1;
			remoteGlobalIDString = 05779EB514EC655E006C5D55;
			remoteInfo = EOSFTPServer;
		};
/* End PBXContainerItemProxy section */

/* Begin PBXFileReference section */
		0500AC6714EF3DF000923B58 /* EOSFile.h */ = {isa = PBXFileReference; fileEncoding = 4; lastKnownFileType = sourcecode.c.h; path = EOSFile.h; sourceTree = "<group>"; };
		0500AC6814EF3DF000923B58 /* EOSFile.m */ = {isa = PBXFileReference; fileEncoding = 4; lastKnownFileType = sourcecode.c.objc; path = EOSFile.m; sourceTree = "<group>"; };
		0500AC6C14EF424600923B58 /* EOSFile+Private.h */ = {isa = PBXFileReference; fileEncoding = 4; lastKnownFileType = sourcecode.c.h; path = "EOSFile+Private.h"; sourceTree = "<group>"; };
		0500AC6D14EF424600923B58 /* EOSFile+Private.m */ = {isa = PBXFileReference; fileEncoding = 4; lastKnownFileType = sourcecode.c.objc; path = "EOSFile+Private.m"; sourceTree = "<group>"; };
		05438F1C14F13D2700DA859E /* EOSFTPServer+AsyncSocketDelegate.h */ = {isa = PBXFileReference; fileEncoding = 4; lastKnownFileType = sourcecode.c.h; path = "EOSFTPServer+AsyncSocketDelegate.h"; sourceTree = "<group>"; };
		05438F1D14F13D2700DA859E /* EOSFTPServer+AsyncSocketDelegate.m */ = {isa = PBXFileReference; fileEncoding = 4; lastKnownFileType = sourcecode.c.objc; path = "EOSFTPServer+AsyncSocketDelegate.m"; sourceTree = "<group>"; };
		05438F2114F13F8C00DA859E /* EOSFTPServerConnection+AsyncSocketDelegate.h */ = {isa = PBXFileReference; fileEncoding = 4; lastKnownFileType = sourcecode.c.h; path = "EOSFTPServerConnection+AsyncSocketDelegate.h"; sourceTree = "<group>"; };
		05438F2214F13F8C00DA859E /* EOSFTPServerConnection+AsyncSocketDelegate.m */ = {isa = PBXFileReference; fileEncoding = 4; lastKnownFileType = sourcecode.c.objc; path = "EOSFTPServerConnection+AsyncSocketDelegate.m"; sourceTree = "<group>"; };
		05438F2914F1474100DA859E /* EOSFTPServer-Functions.h */ = {isa = PBXFileReference; fileEncoding = 4; lastKnownFileType = sourcecode.c.h; path = "EOSFTPServer-Functions.h"; sourceTree = "<group>"; };
		05438F2A14F1474200DA859E /* EOSFTPServer-Functions.m */ = {isa = PBXFileReference; fileEncoding = 4; lastKnownFileType = sourcecode.c.objc; path = "EOSFTPServer-Functions.m"; sourceTree = "<group>"; };
		05438F2B14F1474200DA859E /* EOSFTPServer-Types.h */ = {isa = PBXFileReference; fileEncoding = 4; lastKnownFileType = sourcecode.c.h; path = "EOSFTPServer-Types.h"; sourceTree = "<group>"; };
		05438F2F14F1475F00DA859E /* EOSFTPServer-Macros.h */ = {isa = PBXFileReference; fileEncoding = 4; lastKnownFileType = sourcecode.c.h; path = "EOSFTPServer-Macros.h"; sourceTree = "<group>"; };
		05779EB614EC655E006C5D55 /* libEOSFTPServer.a */ = {isa = PBXFileReference; explicitFileType = archive.ar; includeInIndex = 0; path = libEOSFTPServer.a; sourceTree = BUILT_PRODUCTS_DIR; };
		05779EBE14EC655F006C5D55 /* Foundation.framework */ = {isa = PBXFileReference; lastKnownFileType = wrapper.framework; name = Foundation.framework; path = System/Library/Frameworks/Foundation.framework; sourceTree = SDKROOT; };
		05779ECC14EC65B1006C5D55 /* EOSFTPServer-Prefix.pch */ = {isa = PBXFileReference; fileEncoding = 4; lastKnownFileType = sourcecode.c.h; path = "EOSFTPServer-Prefix.pch"; sourceTree = "<group>"; };
		05779ED014EC6628006C5D55 /* EOSFTPServer.h */ = {isa = PBXFileReference; fileEncoding = 4; lastKnownFileType = sourcecode.c.h; path = EOSFTPServer.h; sourceTree = "<group>"; };
		05779ED114EC6628006C5D55 /* EOSFTPServer.m */ = {isa = PBXFileReference; fileEncoding = 4; lastKnownFileType = sourcecode.c.objc; path = EOSFTPServer.m; sourceTree = "<group>"; };
		05779ED814EC6643006C5D55 /* EOSFTPServerConnection.h */ = {isa = PBXFileReference; fileEncoding = 4; lastKnownFileType = sourcecode.c.h; path = EOSFTPServerConnection.h; sourceTree = "<group>"; };
		05779ED914EC6643006C5D55 /* EOSFTPServerConnection.m */ = {isa = PBXFileReference; fileEncoding = 4; lastKnownFileType = sourcecode.c.objc; path = EOSFTPServerConnection.m; sourceTree = "<group>"; };
		05779EDC14EC6653006C5D55 /* EOSFTPServerDataConnection.h */ = {isa = PBXFileReference; fileEncoding = 4; lastKnownFileType = sourcecode.c.h; path = EOSFTPServerDataConnection.h; sourceTree = "<group>"; };
		05779EDD14EC6653006C5D55 /* EOSFTPServerDataConnection.m */ = {isa = PBXFileReference; fileEncoding = 4; lastKnownFileType = sourcecode.c.objc; path = EOSFTPServerDataConnection.m; sourceTree = "<group>"; };
		05779EE014EC6673006C5D55 /* EOSFTPServer+Private.h */ = {isa = PBXFileReference; fileEncoding = 4; lastKnownFileType = sourcecode.c.h; path = "EOSFTPServer+Private.h"; sourceTree = "<group>"; };
		05779EE114EC6673006C5D55 /* EOSFTPServer+Private.m */ = {isa = PBXFileReference; fileEncoding = 4; lastKnownFileType = sourcecode.c.objc; path = "EOSFTPServer+Private.m"; sourceTree = "<group>"; };
		05779EE414EC66A4006C5D55 /* EOSFTPServerConnection+Private.h */ = {isa = PBXFileReference; fileEncoding = 4; lastKnownFileType = sourcecode.c.h; path = "EOSFTPServerConnection+Private.h"; sourceTree = "<group>"; };
		05779EE514EC66A4006C5D55 /* EOSFTPServerConnection+Private.m */ = {isa = PBXFileReference; fileEncoding = 4; lastKnownFileType = sourcecode.c.objc; path = "EOSFTPServerConnection+Private.m"; sourceTree = "<group>"; };
		05779EE814EC66B7006C5D55 /* EOSFTPServerDataConnection+Private.h */ = {isa = PBXFileReference; fileEncoding = 4; lastKnownFileType = sourcecode.c.h; path = "EOSFTPServerDataConnection+Private.h"; sourceTree = "<group>"; };
		05779EE914EC66B7006C5D55 /* EOSFTPServerDataConnection+Private.m */ = {isa = PBXFileReference; fileEncoding = 4; lastKnownFileType = sourcecode.c.objc; path = "EOSFTPServerDataConnection+Private.m"; sourceTree = "<group>"; };
		05779EF014EC6941006C5D55 /* Warnings.h */ = {isa = PBXFileReference; fileEncoding = 4; lastKnownFileType = sourcecode.c.h; path = Warnings.h; sourceTree = "<group>"; };
		05779F0014EC6B0E006C5D55 /* EOSFTPServerDelegate.h */ = {isa = PBXFileReference; fileEncoding = 4; lastKnownFileType = sourcecode.c.h; path = EOSFTPServerDelegate.h; sourceTree = "<group>"; };
		05779F0214EC6D11006C5D55 /* NSData+EOS.h */ = {isa = PBXFileReference; fileEncoding = 4; lastKnownFileType = sourcecode.c.h; path = "NSData+EOS.h"; sourceTree = "<group>"; };
		05779F0314EC6D11006C5D55 /* NSData+EOS.m */ = {isa = PBXFileReference; fileEncoding = 4; lastKnownFileType = sourcecode.c.objc; path = "NSData+EOS.m"; sourceTree = "<group>"; };
		05A7F99F14ED137B0074653C /* EOSFTPServerUser.h */ = {isa = PBXFileReference; fileEncoding = 4; lastKnownFileType = sourcecode.c.h; path = EOSFTPServerUser.h; sourceTree = "<group>"; };
		05A7F9A014ED137B0074653C /* EOSFTPServerUser.m */ = {isa = PBXFileReference; fileEncoding = 4; lastKnownFileType = sourcecode.c.objc; path = EOSFTPServerUser.m; sourceTree = "<group>"; };
		05A7F9A314ED138D0074653C /* EOSFTPServerUser+Private.h */ = {isa = PBXFileReference; fileEncoding = 4; lastKnownFileType = sourcecode.c.h; path = "EOSFTPServerUser+Private.h"; sourceTree = "<group>"; };
		05A7F9A414ED138D0074653C /* EOSFTPServerUser+Private.m */ = {isa = PBXFileReference; fileEncoding = 4; lastKnownFileType = sourcecode.c.objc; path = "EOSFTPServerUser+Private.m"; sourceTree = "<group>"; };
		05A7F9A714ED14110074653C /* NSString+EOS.h */ = {isa = PBXFileReference; fileEncoding = 4; lastKnownFileType = sourcecode.c.h; path = "NSString+EOS.h"; sourceTree = "<group>"; };
		05A7F9A814ED14110074653C /* NSString+EOS.m */ = {isa = PBXFileReference; fileEncoding = 4; lastKnownFileType = sourcecode.c.objc; path = "NSString+EOS.m"; sourceTree = "<group>"; };
		05E4459514F032B7005A9A73 /* AsyncSocket.h */ = {isa = PBXFileReference; lastKnownFileType = sourcecode.c.h; path = AsyncSocket.h; sourceTree = "<group>"; };
		05E4459614F032B7005A9A73 /* AsyncSocket.m */ = {isa = PBXFileReference; lastKnownFileType = sourcecode.c.objc; path = AsyncSocket.m; sourceTree = "<group>"; };
		05E4459B14F03343005A9A73 /* libAsyncSocket.a */ = {isa = PBXFileReference; explicitFileType = archive.ar; includeInIndex = 0; path = libAsyncSocket.a; sourceTree = BUILT_PRODUCTS_DIR; };
		05E4459D14F03343005A9A73 /* AppKit.framework */ = {isa = PBXFileReference; lastKnownFileType = wrapper.framework; name = AppKit.framework; path = System/Library/Frameworks/AppKit.framework; sourceTree = SDKROOT; };
		05E4459E14F03343005A9A73 /* CoreData.framework */ = {isa = PBXFileReference; lastKnownFileType = wrapper.framework; name = CoreData.framework; path = System/Library/Frameworks/CoreData.framework; sourceTree = SDKROOT; };
		05E4459F14F03343005A9A73 /* Foundation.framework */ = {isa = PBXFileReference; lastKnownFileType = wrapper.framework; name = Foundation.framework; path = System/Library/Frameworks/Foundation.framework; sourceTree = SDKROOT; };
		05E445B114F03477005A9A73 /* Defaults.plist */ = {isa = PBXFileReference; fileEncoding = 4; lastKnownFileType = text.plist.xml; path = Defaults.plist; sourceTree = "<group>"; };
		05E445B314F038C6005A9A73 /* Localizable.strings */ = {isa = PBXFileReference; fileEncoding = 4; lastKnownFileType = text.plist.strings; path = Localizable.strings; sourceTree = "<group>"; };
		05E445B514F03A0F005A9A73 /* EOSFTPServerDesktopMainWindowController+NSTableViewDataSource.h */ = {isa = PBXFileReference; fileEncoding = 4; lastKnownFileType = sourcecode.c.h; path = "EOSFTPServerDesktopMainWindowController+NSTableViewDataSource.h"; sourceTree = "<group>"; };
		05E445B614F03A0F005A9A73 /* EOSFTPServerDesktopMainWindowController+NSTableViewDataSource.m */ = {isa = PBXFileReference; fileEncoding = 4; lastKnownFileType = sourcecode.c.objc; path = "EOSFTPServerDesktopMainWindowController+NSTableViewDataSource.m"; sourceTree = "<group>"; };
		05E445B814F03A22005A9A73 /* EOSFTPServerDesktopMainWindowController+NSTableViewDelegate.h */ = {isa = PBXFileReference; fileEncoding = 4; lastKnownFileType = sourcecode.c.h; path = "EOSFTPServerDesktopMainWindowController+NSTableViewDelegate.h"; sourceTree = "<group>"; };
		05E445B914F03A22005A9A73 /* EOSFTPServerDesktopMainWindowController+NSTableViewDelegate.m */ = {isa = PBXFileReference; fileEncoding = 4; lastKnownFileType = sourcecode.c.objc; path = "EOSFTPServerDesktopMainWindowController+NSTableViewDelegate.m"; sourceTree = "<group>"; };
		05F13EE114EDD20F003CDAAB /* EOSFTPServerDesktop.app */ = {isa = PBXFileReference; explicitFileType = wrapper.application; includeInIndex = 0; path = EOSFTPServerDesktop.app; sourceTree = BUILT_PRODUCTS_DIR; };
		05F13EE314EDD20F003CDAAB /* Cocoa.framework */ = {isa = PBXFileReference; lastKnownFileType = wrapper.framework; name = Cocoa.framework; path = System/Library/Frameworks/Cocoa.framework; sourceTree = SDKROOT; };
		05F13F2714EDD3AE003CDAAB /* en */ = {isa = PBXFileReference; lastKnownFileType = text.plist.strings; name = en; path = InfoPlist.strings; sourceTree = "<group>"; };
		05F13F2914EDD3AE003CDAAB /* en */ = {isa = PBXFileReference; lastKnownFileType = file.xib; name = en; path = MainMenu.xib; sourceTree = "<group>"; };
		05F13F2A14EDD3AE003CDAAB /* EOSFTPServerDesktop-Info.plist */ = {isa = PBXFileReference; fileEncoding = 4; lastKnownFileType = text.plist.xml; path = "EOSFTPServerDesktop-Info.plist"; sourceTree = "<group>"; };
		05F13F2B14EDD3AE003CDAAB /* EOSFTPServerDesktop-Prefix.pch */ = {isa = PBXFileReference; fileEncoding = 4; lastKnownFileType = sourcecode.c.h; path = "EOSFTPServerDesktop-Prefix.pch"; sourceTree = "<group>"; };
		05F13F2C14EDD3AE003CDAAB /* main.m */ = {isa = PBXFileReference; fileEncoding = 4; lastKnownFileType = sourcecode.c.objc; path = main.m; sourceTree = "<group>"; };
		05F13F3B14EDD52C003CDAAB /* EOSFTPServerDesktopApplicationDelegate.h */ = {isa = PBXFileReference; fileEncoding = 4; lastKnownFileType = sourcecode.c.h; path = EOSFTPServerDesktopApplicationDelegate.h; sourceTree = "<group>"; };
		05F13F3C14EDD52C003CDAAB /* EOSFTPServerDesktopApplicationDelegate.m */ = {isa = PBXFileReference; fileEncoding = 4; lastKnownFileType = sourcecode.c.objc; path = EOSFTPServerDesktopApplicationDelegate.m; sourceTree = "<group>"; };
		05F13F4814EDDB70003CDAAB /* EOSFTPServerDesktopMainWindowController.h */ = {isa = PBXFileReference; fileEncoding = 4; lastKnownFileType = sourcecode.c.h; path = EOSFTPServerDesktopMainWindowController.h; sourceTree = "<group>"; };
		05F13F4914EDDB70003CDAAB /* EOSFTPServerDesktopMainWindowController.m */ = {isa = PBXFileReference; fileEncoding = 4; lastKnownFileType = sourcecode.c.objc; path = EOSFTPServerDesktopMainWindowController.m; sourceTree = "<group>"; };
		05F13F4C14EDDB8F003CDAAB /* en */ = {isa = PBXFileReference; lastKnownFileType = file.xib; name = en; path = MainWindow.xib; sourceTree = "<group>"; };
/* End PBXFileReference section */

/* Begin PBXFrameworksBuildPhase section */
		05779EB314EC655E006C5D55 /* Frameworks */ = {
			isa = PBXFrameworksBuildPhase;
			buildActionMask = 2147483647;
			files = (
				05779EF214EC6A37006C5D55 /* Foundation.framework in Frameworks */,
			);
			runOnlyForDeploymentPostprocessing = 0;
		};
		05E4459814F03343005A9A73 /* Frameworks */ = {
			isa = PBXFrameworksBuildPhase;
			buildActionMask = 2147483647;
			files = (
				05E4459C14F03343005A9A73 /* Cocoa.framework in Frameworks */,
			);
			runOnlyForDeploymentPostprocessing = 0;
		};
		05F13EDE14EDD20F003CDAAB /* Frameworks */ = {
			isa = PBXFrameworksBuildPhase;
			buildActionMask = 2147483647;
			files = (
				05E445AB14F033E5005A9A73 /* libAsyncSocket.a in Frameworks */,
				05E445AC14F033E5005A9A73 /* libEOSFTPServer.a in Frameworks */,
				05F13EE414EDD20F003CDAAB /* Cocoa.framework in Frameworks */,
			);
			runOnlyForDeploymentPostprocessing = 0;
		};
/* End PBXFrameworksBuildPhase section */

/* Begin PBXGroup section */
		05779EAB14EC655E006C5D55 = {
			isa = PBXGroup;
			children = (
				05779EBF14EC655F006C5D55 /* EOSFTPServer */,
				05779EB814EC655E006C5D55 /* Frameworks */,
				05779EB714EC655E006C5D55 /* Products */,
			);
			sourceTree = "<group>";
		};
		05779EB714EC655E006C5D55 /* Products */ = {
			isa = PBXGroup;
			children = (
				05779EB614EC655E006C5D55 /* libEOSFTPServer.a */,
				05F13EE114EDD20F003CDAAB /* EOSFTPServerDesktop.app */,
				05E4459B14F03343005A9A73 /* libAsyncSocket.a */,
			);
			name = Products;
			sourceTree = "<group>";
		};
		05779EB814EC655E006C5D55 /* Frameworks */ = {
			isa = PBXGroup;
			children = (
				05779EBE14EC655F006C5D55 /* Foundation.framework */,
				05F13EE314EDD20F003CDAAB /* Cocoa.framework */,
				05779EBB14EC655F006C5D55 /* Other Frameworks */,
			);
			name = Frameworks;
			sourceTree = "<group>";
		};
		05779EBB14EC655F006C5D55 /* Other Frameworks */ = {
			isa = PBXGroup;
			children = (
				05E4459D14F03343005A9A73 /* AppKit.framework */,
				05E4459E14F03343005A9A73 /* CoreData.framework */,
				05E4459F14F03343005A9A73 /* Foundation.framework */,
			);
			name = "Other Frameworks";
			sourceTree = "<group>";
		};
		05779EBF14EC655F006C5D55 /* EOSFTPServer */ = {
			isa = PBXGroup;
			children = (
				05E4459414F032B7005A9A73 /* AsyncSocket */,
				05779ECA14EC65B1006C5D55 /* FTPServer */,
				05779ECE14EC65B1006C5D55 /* Mac Demo */,
				05779EF014EC6941006C5D55 /* Warnings.h */,
			);
			path = EOSFTPServer;
			sourceTree = "<group>";
		};
		05779ECA14EC65B1006C5D55 /* FTPServer */ = {
			isa = PBXGroup;
			children = (
				05438F2914F1474100DA859E /* EOSFTPServer-Functions.h */,
				05438F2A14F1474200DA859E /* EOSFTPServer-Functions.m */,
				05438F2B14F1474200DA859E /* EOSFTPServer-Types.h */,
				05438F2F14F1475F00DA859E /* EOSFTPServer-Macros.h */,
				05779ECB14EC65B1006C5D55 /* Classes */,
				05779ECC14EC65B1006C5D55 /* EOSFTPServer-Prefix.pch */,
			);
			path = FTPServer;
			sourceTree = "<group>";
		};
		05779ECB14EC65B1006C5D55 /* Classes */ = {
			isa = PBXGroup;
			children = (
				05779EE014EC6673006C5D55 /* EOSFTPServer+Private.h */,
				05779EE114EC6673006C5D55 /* EOSFTPServer+Private.m */,
				05438F1C14F13D2700DA859E /* EOSFTPServer+AsyncSocketDelegate.h */,
				05438F1D14F13D2700DA859E /* EOSFTPServer+AsyncSocketDelegate.m */,
				05779ED014EC6628006C5D55 /* EOSFTPServer.h */,
				05779ED114EC6628006C5D55 /* EOSFTPServer.m */,
				05779F0014EC6B0E006C5D55 /* EOSFTPServerDelegate.h */,
				05A7F9A314ED138D0074653C /* EOSFTPServerUser+Private.h */,
				05A7F9A414ED138D0074653C /* EOSFTPServerUser+Private.m */,
				05A7F99F14ED137B0074653C /* EOSFTPServerUser.h */,
				05A7F9A014ED137B0074653C /* EOSFTPServerUser.m */,
				05779EE414EC66A4006C5D55 /* EOSFTPServerConnection+Private.h */,
				05779EE514EC66A4006C5D55 /* EOSFTPServerConnection+Private.m */,
				05438F2114F13F8C00DA859E /* EOSFTPServerConnection+AsyncSocketDelegate.h */,
				05438F2214F13F8C00DA859E /* EOSFTPServerConnection+AsyncSocketDelegate.m */,
				05779ED814EC6643006C5D55 /* EOSFTPServerConnection.h */,
				05779ED914EC6643006C5D55 /* EOSFTPServerConnection.m */,
				05779EE814EC66B7006C5D55 /* EOSFTPServerDataConnection+Private.h */,
				05779EE914EC66B7006C5D55 /* EOSFTPServerDataConnection+Private.m */,
				05779EDC14EC6653006C5D55 /* EOSFTPServerDataConnection.h */,
				05779EDD14EC6653006C5D55 /* EOSFTPServerDataConnection.m */,
				0500AC6C14EF424600923B58 /* EOSFile+Private.h */,
				0500AC6D14EF424600923B58 /* EOSFile+Private.m */,
				0500AC6714EF3DF000923B58 /* EOSFile.h */,
				0500AC6814EF3DF000923B58 /* EOSFile.m */,
				05779F0214EC6D11006C5D55 /* NSData+EOS.h */,
				05779F0314EC6D11006C5D55 /* NSData+EOS.m */,
				05A7F9A714ED14110074653C /* NSString+EOS.h */,
				05A7F9A814ED14110074653C /* NSString+EOS.m */,
			);
			path = Classes;
			sourceTree = "<group>";
		};
		05779ECE14EC65B1006C5D55 /* Mac Demo */ = {
			isa = PBXGroup;
			children = (
				05F13F3A14EDD52C003CDAAB /* Classes */,
				05F13F2514EDD3AE003CDAAB /* en.lproj */,
				05F13F2A14EDD3AE003CDAAB /* EOSFTPServerDesktop-Info.plist */,
				05F13F2B14EDD3AE003CDAAB /* EOSFTPServerDesktop-Prefix.pch */,
				05F13F2C14EDD3AE003CDAAB /* main.m */,
				05E445B114F03477005A9A73 /* Defaults.plist */,
				05E445B314F038C6005A9A73 /* Localizable.strings */,
			);
			path = "Mac Demo";
			sourceTree = "<group>";
		};
		05E4459414F032B7005A9A73 /* AsyncSocket */ = {
			isa = PBXGroup;
			children = (
				05E4459514F032B7005A9A73 /* AsyncSocket.h */,
				05E4459614F032B7005A9A73 /* AsyncSocket.m */,
			);
			path = AsyncSocket;
			sourceTree = "<group>";
		};
		05F13F2514EDD3AE003CDAAB /* en.lproj */ = {
			isa = PBXGroup;
			children = (
				05F13F2614EDD3AE003CDAAB /* InfoPlist.strings */,
				05F13F2814EDD3AE003CDAAB /* MainMenu.xib */,
				05F13F4B14EDDB8F003CDAAB /* MainWindow.xib */,
			);
			path = en.lproj;
			sourceTree = "<group>";
		};
		05F13F3A14EDD52C003CDAAB /* Classes */ = {
			isa = PBXGroup;
			children = (
				05F13F3B14EDD52C003CDAAB /* EOSFTPServerDesktopApplicationDelegate.h */,
				05F13F3C14EDD52C003CDAAB /* EOSFTPServerDesktopApplicationDelegate.m */,
				05E445B514F03A0F005A9A73 /* EOSFTPServerDesktopMainWindowController+NSTableViewDataSource.h */,
				05E445B614F03A0F005A9A73 /* EOSFTPServerDesktopMainWindowController+NSTableViewDataSource.m */,
				05E445B814F03A22005A9A73 /* EOSFTPServerDesktopMainWindowController+NSTableViewDelegate.h */,
				05E445B914F03A22005A9A73 /* EOSFTPServerDesktopMainWindowController+NSTableViewDelegate.m */,
				05F13F4814EDDB70003CDAAB /* EOSFTPServerDesktopMainWindowController.h */,
				05F13F4914EDDB70003CDAAB /* EOSFTPServerDesktopMainWindowController.m */,
			);
			path = Classes;
			sourceTree = "<group>";
		};
/* End PBXGroup section */

/* Begin PBXHeadersBuildPhase section */
		05779EB414EC655E006C5D55 /* Headers */ = {
			isa = PBXHeadersBuildPhase;
			buildActionMask = 2147483647;
			files = (
				05779ECF14EC65B1006C5D55 /* EOSFTPServer-Prefix.pch in Headers */,
				05779ED214EC6628006C5D55 /* EOSFTPServer.h in Headers */,
				05779EDA14EC6643006C5D55 /* EOSFTPServerConnection.h in Headers */,
				05779EDE14EC6653006C5D55 /* EOSFTPServerDataConnection.h in Headers */,
				05779EE214EC6673006C5D55 /* EOSFTPServer+Private.h in Headers */,
				05779EE614EC66A4006C5D55 /* EOSFTPServerConnection+Private.h in Headers */,
				05779EEA14EC66B7006C5D55 /* EOSFTPServerDataConnection+Private.h in Headers */,
				05779F0114EC6B0E006C5D55 /* EOSFTPServerDelegate.h in Headers */,
				05779F0414EC6D11006C5D55 /* NSData+EOS.h in Headers */,
				05A7F9A114ED137B0074653C /* EOSFTPServerUser.h in Headers */,
				05A7F9A514ED138E0074653C /* EOSFTPServerUser+Private.h in Headers */,
				05A7F9A914ED14110074653C /* NSString+EOS.h in Headers */,
				0500AC6914EF3DF000923B58 /* EOSFile.h in Headers */,
				0500AC6E14EF424600923B58 /* EOSFile+Private.h in Headers */,
				05438F1E14F13D2700DA859E /* EOSFTPServer+AsyncSocketDelegate.h in Headers */,
				05438F2314F13F8D00DA859E /* EOSFTPServerConnection+AsyncSocketDelegate.h in Headers */,
				05438F2C14F1474300DA859E /* EOSFTPServer-Functions.h in Headers */,
				05438F2E14F1474300DA859E /* EOSFTPServer-Types.h in Headers */,
				05438F3014F1476000DA859E /* EOSFTPServer-Macros.h in Headers */,
			);
			runOnlyForDeploymentPostprocessing = 0;
		};
		05E4459914F03343005A9A73 /* Headers */ = {
			isa = PBXHeadersBuildPhase;
			buildActionMask = 2147483647;
			files = (
				05E445AA14F03355005A9A73 /* AsyncSocket.h in Headers */,
			);
			runOnlyForDeploymentPostprocessing = 0;
		};
/* End PBXHeadersBuildPhase section */

/* Begin PBXNativeTarget section */
		05779EB514EC655E006C5D55 /* EOSFTPServer */ = {
			isa = PBXNativeTarget;
			buildConfigurationList = 05779EC714EC655F006C5D55 /* Build configuration list for PBXNativeTarget "EOSFTPServer" */;
			buildPhases = (
				05779EB214EC655E006C5D55 /* Sources */,
				05779EB314EC655E006C5D55 /* Frameworks */,
				05779EB414EC655E006C5D55 /* Headers */,
			);
			buildRules = (
			);
			dependencies = (
			);
			name = EOSFTPServer;
			productName = EOSFTPServer;
			productReference = 05779EB614EC655E006C5D55 /* libEOSFTPServer.a */;
			productType = "com.apple.product-type.library.static";
		};
		05E4459A14F03343005A9A73 /* AsyncSocket */ = {
			isa = PBXNativeTarget;
			buildConfigurationList = 05E445A614F03343005A9A73 /* Build configuration list for PBXNativeTarget "AsyncSocket" */;
			buildPhases = (
				05E4459714F03343005A9A73 /* Sources */,
				05E4459814F03343005A9A73 /* Frameworks */,
				05E4459914F03343005A9A73 /* Headers */,
			);
			buildRules = (
			);
			dependencies = (
			);
			name = AsyncSocket;
			productName = AsyncSocket;
			productReference = 05E4459B14F03343005A9A73 /* libAsyncSocket.a */;
			productType = "com.apple.product-type.library.static";
		};
		05F13EE014EDD20F003CDAAB /* EOSFTPServerDesktop */ = {
			isa = PBXNativeTarget;
			buildConfigurationList = 05F13EFA14EDD210003CDAAB /* Build configuration list for PBXNativeTarget "EOSFTPServerDesktop" */;
			buildPhases = (
				05F13EDD14EDD20F003CDAAB /* Sources */,
				05F13EDE14EDD20F003CDAAB /* Frameworks */,
				05F13EDF14EDD20F003CDAAB /* Resources */,
			);
			buildRules = (
			);
			dependencies = (
				05E445AE14F033EA005A9A73 /* PBXTargetDependency */,
				05E445B014F033EA005A9A73 /* PBXTargetDependency */,
			);
			name = EOSFTPServerDesktop;
			productName = EOSFTPServerDesktop;
			productReference = 05F13EE114EDD20F003CDAAB /* EOSFTPServerDesktop.app */;
			productType = "com.apple.product-type.application";
		};
/* End PBXNativeTarget section */

/* Begin PBXProject section */
		05779EAD14EC655E006C5D55 /* Project object */ = {
			isa = PBXProject;
			attributes = {
				LastUpgradeCheck = 0430;
				ORGANIZATIONNAME = DigiDNA;
			};
			buildConfigurationList = 05779EB014EC655E006C5D55 /* Build configuration list for PBXProject "EOSFTPServer" */;
			compatibilityVersion = "Xcode 3.2";
			developmentRegion = English;
			hasScannedForEncodings = 0;
			knownRegions = (
				en,
			);
			mainGroup = 05779EAB14EC655E006C5D55;
			productRefGroup = 05779EB714EC655E006C5D55 /* Products */;
			projectDirPath = "";
			projectRoot = "";
			targets = (
				05E4459A14F03343005A9A73 /* AsyncSocket */,
				05779EB514EC655E006C5D55 /* EOSFTPServer */,
				05F13EE014EDD20F003CDAAB /* EOSFTPServerDesktop */,
			);
		};
/* End PBXProject section */

/* Begin PBXResourcesBuildPhase section */
		05F13EDF14EDD20F003CDAAB /* Resources */ = {
			isa = PBXResourcesBuildPhase;
			buildActionMask = 2147483647;
			files = (
				05F13F2F14EDD3AE003CDAAB /* MainMenu.xib in Resources */,
				05F13F3314EDD3E5003CDAAB /* InfoPlist.strings in Resources */,
				05F13F4D14EDDB8F003CDAAB /* MainWindow.xib in Resources */,
				05E445B214F03477005A9A73 /* Defaults.plist in Resources */,
				05E445B414F038CE005A9A73 /* Localizable.strings in Resources */,
			);
			runOnlyForDeploymentPostprocessing = 0;
		};
/* End PBXResourcesBuildPhase section */

/* Begin PBXSourcesBuildPhase section */
		05779EB214EC655E006C5D55 /* Sources */ = {
			isa = PBXSourcesBuildPhase;
			buildActionMask = 2147483647;
			files = (
				05779ED314EC6628006C5D55 /* EOSFTPServer.m in Sources */,
				05779EDB14EC6643006C5D55 /* EOSFTPServerConnection.m in Sources */,
				05779EDF14EC6653006C5D55 /* EOSFTPServerDataConnection.m in Sources */,
				05779EE314EC6673006C5D55 /* EOSFTPServer+Private.m in Sources */,
				05779EE714EC66A4006C5D55 /* EOSFTPServerConnection+Private.m in Sources */,
				05779EEB14EC66B7006C5D55 /* EOSFTPServerDataConnection+Private.m in Sources */,
				05779F0514EC6D11006C5D55 /* NSData+EOS.m in Sources */,
				05A7F9A214ED137B0074653C /* EOSFTPServerUser.m in Sources */,
				05A7F9A614ED138E0074653C /* EOSFTPServerUser+Private.m in Sources */,
				05A7F9AA14ED14110074653C /* NSString+EOS.m in Sources */,
				0500AC6A14EF3DF000923B58 /* EOSFile.m in Sources */,
				0500AC6F14EF424600923B58 /* EOSFile+Private.m in Sources */,
				05438F1F14F13D2700DA859E /* EOSFTPServer+AsyncSocketDelegate.m in Sources */,
				05438F2414F13F8D00DA859E /* EOSFTPServerConnection+AsyncSocketDelegate.m in Sources */,
				05438F2D14F1474300DA859E /* EOSFTPServer-Functions.m in Sources */,
			);
			runOnlyForDeploymentPostprocessing = 0;
		};
		05E4459714F03343005A9A73 /* Sources */ = {
			isa = PBXSourcesBuildPhase;
			buildActionMask = 2147483647;
			files = (
				05E445A914F0334E005A9A73 /* AsyncSocket.m in Sources */,
			);
			runOnlyForDeploymentPostprocessing = 0;
		};
		05F13EDD14EDD20F003CDAAB /* Sources */ = {
			isa = PBXSourcesBuildPhase;
			buildActionMask = 2147483647;
			files = (
				05F13F3114EDD3AE003CDAAB /* main.m in Sources */,
				05F13F3D14EDD52C003CDAAB /* EOSFTPServerDesktopApplicationDelegate.m in Sources */,
				05F13F4A14EDDB70003CDAAB /* EOSFTPServerDesktopMainWindowController.m in Sources */,
				05E445B714F03A0F005A9A73 /* EOSFTPServerDesktopMainWindowController+NSTableViewDataSource.m in Sources */,
				05E445BA14F03A22005A9A73 /* EOSFTPServerDesktopMainWindowController+NSTableViewDelegate.m in Sources */,
			);
			runOnlyForDeploymentPostprocessing = 0;
		};
/* End PBXSourcesBuildPhase section */

/* Begin PBXTargetDependency section */
		05E445AE14F033EA005A9A73 /* PBXTargetDependency */ = {
			isa = PBXTargetDependency;
			target = 05E4459A14F03343005A9A73 /* AsyncSocket */;
			targetProxy = 05E445AD14F033EA005A9A73 /* PBXContainerItemProxy */;
		};
		05E445B014F033EA005A9A73 /* PBXTargetDependency */ = {
			isa = PBXTargetDependency;
			target = 05779EB514EC655E006C5D55 /* EOSFTPServer */;
			targetProxy = 05E445AF14F033EA005A9A73 /* PBXContainerItemProxy */;
		};
/* End PBXTargetDependency section */

/* Begin PBXVariantGroup section */
		05F13F2614EDD3AE003CDAAB /* InfoPlist.strings */ = {
			isa = PBXVariantGroup;
			children = (
				05F13F2714EDD3AE003CDAAB /* en */,
			);
			name = InfoPlist.strings;
			sourceTree = "<group>";
		};
		05F13F2814EDD3AE003CDAAB /* MainMenu.xib */ = {
			isa = PBXVariantGroup;
			children = (
				05F13F2914EDD3AE003CDAAB /* en */,
			);
			name = MainMenu.xib;
			sourceTree = "<group>";
		};
		05F13F4B14EDDB8F003CDAAB /* MainWindow.xib */ = {
			isa = PBXVariantGroup;
			children = (
				05F13F4C14EDDB8F003CDAAB /* en */,
			);
			name = MainWindow.xib;
			sourceTree = "<group>";
		};
/* End PBXVariantGroup section */

/* Begin XCBuildConfiguration section */
		05779EC514EC655F006C5D55 /* Debug */ = {
			isa = XCBuildConfiguration;
			buildSettings = {
				ALWAYS_SEARCH_USER_PATHS = NO;
				ARCHS = "$(ARCHS_STANDARD_64_BIT)";
				CLANG_ANALYZER_DEADCODE_DEADSTORES = YES;
				CLANG_ANALYZER_DEADCODE_IDEMPOTENT_OPERATIONS = YES;
				CLANG_ANALYZER_OBJC_SELF_INIT = YES;
				CLANG_WARN_CXX0X_EXTENSIONS = YES;
				CLANG_WARN_DEPRECATED_OBJC_IMPLEMENTATIONS = YES;
				CLANG_WARN_IMPLICIT_SIGN_CONVERSION = YES;
				CLANG_WARN_OBJCPP_ARC_ABI = YES;
				CLANG_WARN_OBJC_IMPLICIT_ATOMIC_PROPERTIES = YES;
				CLANG_WARN_SUSPICIOUS_IMPLICIT_CONVERSION = YES;
				COPY_PHASE_STRIP = NO;
				GCC_C_LANGUAGE_STANDARD = c99;
				GCC_DYNAMIC_NO_PIC = NO;
				GCC_ENABLE_OBJC_EXCEPTIONS = YES;
				GCC_OPTIMIZATION_LEVEL = s;
				GCC_PREPROCESSOR_DEFINITIONS = (
					"DEBUG=1",
					"$(inherited)",
				);
				GCC_SYMBOLS_PRIVATE_EXTERN = NO;
				GCC_TREAT_IMPLICIT_FUNCTION_DECLARATIONS_AS_ERRORS = YES;
				GCC_TREAT_INCOMPATIBLE_POINTER_TYPE_WARNINGS_AS_ERRORS = YES;
				GCC_TREAT_WARNINGS_AS_ERRORS = YES;
				GCC_VERSION = com.apple.compilers.llvm.clang.1_0;
				GCC_WARN_64_TO_32_BIT_CONVERSION = YES;
				GCC_WARN_ABOUT_DEPRECATED_FUNCTIONS = YES;
				GCC_WARN_ABOUT_INVALID_OFFSETOF_MACRO = YES;
				GCC_WARN_ABOUT_MISSING_FIELD_INITIALIZERS = YES;
				GCC_WARN_ABOUT_MISSING_NEWLINE = YES;
				GCC_WARN_ABOUT_MISSING_PROTOTYPES = YES;
				GCC_WARN_ABOUT_POINTER_SIGNEDNESS = YES;
				GCC_WARN_ABOUT_RETURN_TYPE = YES;
				GCC_WARN_ALLOW_INCOMPLETE_PROTOCOL = YES;
				GCC_WARN_CHECK_SWITCH_STATEMENTS = YES;
				GCC_WARN_FOUR_CHARACTER_CONSTANTS = YES;
				GCC_WARN_HIDDEN_VIRTUAL_FUNCTIONS = YES;
				GCC_WARN_INHIBIT_ALL_WARNINGS = NO;
				GCC_WARN_INITIALIZER_NOT_FULLY_BRACKETED = YES;
				GCC_WARN_MISSING_PARENTHESES = YES;
				GCC_WARN_MULTIPLE_DEFINITION_TYPES_FOR_SELECTOR = YES;
				GCC_WARN_NON_VIRTUAL_DESTRUCTOR = YES;
				GCC_WARN_PEDANTIC = YES;
				GCC_WARN_SHADOW = YES;
				GCC_WARN_SIGN_COMPARE = YES;
				GCC_WARN_STRICT_SELECTOR_MATCH = YES;
				GCC_WARN_TYPECHECK_CALLS_TO_PRINTF = YES;
				GCC_WARN_UNDECLARED_SELECTOR = YES;
				GCC_WARN_UNINITIALIZED_AUTOS = YES;
				GCC_WARN_UNKNOWN_PRAGMAS = YES;
				GCC_WARN_UNUSED_FUNCTION = YES;
				GCC_WARN_UNUSED_LABEL = YES;
				GCC_WARN_UNUSED_PARAMETER = YES;
				GCC_WARN_UNUSED_VALUE = YES;
				GCC_WARN_UNUSED_VARIABLE = YES;
				MACOSX_DEPLOYMENT_TARGET = 10.7;
				ONLY_ACTIVE_ARCH = NO;
				SDKROOT = macosx;
			};
			name = Debug;
		};
		05779EC614EC655F006C5D55 /* Release */ = {
			isa = XCBuildConfiguration;
			buildSettings = {
				ALWAYS_SEARCH_USER_PATHS = NO;
				ARCHS = "$(ARCHS_STANDARD_64_BIT)";
				CLANG_ANALYZER_DEADCODE_DEADSTORES = YES;
				CLANG_ANALYZER_DEADCODE_IDEMPOTENT_OPERATIONS = YES;
				CLANG_ANALYZER_OBJC_SELF_INIT = YES;
				CLANG_WARN_CXX0X_EXTENSIONS = YES;
				CLANG_WARN_DEPRECATED_OBJC_IMPLEMENTATIONS = YES;
				CLANG_WARN_IMPLICIT_SIGN_CONVERSION = YES;
				CLANG_WARN_OBJCPP_ARC_ABI = YES;
				CLANG_WARN_OBJC_IMPLICIT_ATOMIC_PROPERTIES = YES;
				CLANG_WARN_SUSPICIOUS_IMPLICIT_CONVERSION = YES;
				COPY_PHASE_STRIP = YES;
				DEBUG_INFORMATION_FORMAT = "dwarf-with-dsym";
				GCC_C_LANGUAGE_STANDARD = c99;
				GCC_ENABLE_OBJC_EXCEPTIONS = YES;
				GCC_OPTIMIZATION_LEVEL = s;
				GCC_TREAT_IMPLICIT_FUNCTION_DECLARATIONS_AS_ERRORS = YES;
				GCC_TREAT_INCOMPATIBLE_POINTER_TYPE_WARNINGS_AS_ERRORS = YES;
				GCC_TREAT_WARNINGS_AS_ERRORS = YES;
				GCC_VERSION = com.apple.compilers.llvm.clang.1_0;
				GCC_WARN_64_TO_32_BIT_CONVERSION = YES;
				GCC_WARN_ABOUT_DEPRECATED_FUNCTIONS = YES;
				GCC_WARN_ABOUT_INVALID_OFFSETOF_MACRO = YES;
				GCC_WARN_ABOUT_MISSING_FIELD_INITIALIZERS = YES;
				GCC_WARN_ABOUT_MISSING_NEWLINE = YES;
				GCC_WARN_ABOUT_MISSING_PROTOTYPES = YES;
				GCC_WARN_ABOUT_POINTER_SIGNEDNESS = YES;
				GCC_WARN_ABOUT_RETURN_TYPE = YES;
				GCC_WARN_ALLOW_INCOMPLETE_PROTOCOL = YES;
				GCC_WARN_CHECK_SWITCH_STATEMENTS = YES;
				GCC_WARN_FOUR_CHARACTER_CONSTANTS = YES;
				GCC_WARN_HIDDEN_VIRTUAL_FUNCTIONS = YES;
				GCC_WARN_INHIBIT_ALL_WARNINGS = NO;
				GCC_WARN_INITIALIZER_NOT_FULLY_BRACKETED = YES;
				GCC_WARN_MISSING_PARENTHESES = YES;
				GCC_WARN_MULTIPLE_DEFINITION_TYPES_FOR_SELECTOR = YES;
				GCC_WARN_NON_VIRTUAL_DESTRUCTOR = YES;
				GCC_WARN_PEDANTIC = YES;
				GCC_WARN_SHADOW = YES;
				GCC_WARN_SIGN_COMPARE = YES;
				GCC_WARN_STRICT_SELECTOR_MATCH = YES;
				GCC_WARN_TYPECHECK_CALLS_TO_PRINTF = YES;
				GCC_WARN_UNDECLARED_SELECTOR = YES;
				GCC_WARN_UNINITIALIZED_AUTOS = YES;
				GCC_WARN_UNKNOWN_PRAGMAS = YES;
				GCC_WARN_UNUSED_FUNCTION = YES;
				GCC_WARN_UNUSED_LABEL = YES;
				GCC_WARN_UNUSED_PARAMETER = YES;
				GCC_WARN_UNUSED_VALUE = YES;
				GCC_WARN_UNUSED_VARIABLE = YES;
				MACOSX_DEPLOYMENT_TARGET = 10.7;
				ONLY_ACTIVE_ARCH = NO;
				SDKROOT = macosx;
			};
			name = Release;
		};
		05779EC814EC655F006C5D55 /* Debug */ = {
			isa = XCBuildConfiguration;
			buildSettings = {
				GCC_PRECOMPILE_PREFIX_HEADER = YES;
				GCC_PREFIX_HEADER = "EOSFTPServer/FTPServer/EOSFTPServer-Prefix.pch";
				PRODUCT_NAME = "$(TARGET_NAME)";
			};
			name = Debug;
		};
		05779EC914EC655F006C5D55 /* Release */ = {
			isa = XCBuildConfiguration;
			buildSettings = {
				GCC_PRECOMPILE_PREFIX_HEADER = YES;
				GCC_PREFIX_HEADER = "EOSFTPServer/FTPServer/EOSFTPServer-Prefix.pch";
				PRODUCT_NAME = "$(TARGET_NAME)";
			};
			name = Release;
		};
		05E445A714F03343005A9A73 /* Debug */ = {
			isa = XCBuildConfiguration;
			buildSettings = {
				CLANG_WARN_IMPLICIT_SIGN_CONVERSION = NO;
				CLANG_WARN_SUSPICIOUS_IMPLICIT_CONVERSION = NO;
				GCC_PRECOMPILE_PREFIX_HEADER = NO;
				GCC_WARN_PEDANTIC = NO;
				GCC_WARN_SIGN_COMPARE = NO;
				ONLY_ACTIVE_ARCH = YES;
				PRODUCT_NAME = "$(TARGET_NAME)";
			};
			name = Debug;
		};
		05E445A814F03343005A9A73 /* Release */ = {
			isa = XCBuildConfiguration;
			buildSettings = {
				CLANG_WARN_IMPLICIT_SIGN_CONVERSION = NO;
				CLANG_WARN_SUSPICIOUS_IMPLICIT_CONVERSION = NO;
				GCC_PRECOMPILE_PREFIX_HEADER = NO;
				GCC_WARN_PEDANTIC = NO;
				GCC_WARN_SIGN_COMPARE = NO;
				PRODUCT_NAME = "$(TARGET_NAME)";
			};
			name = Release;
		};
		05F13EFB14EDD210003CDAAB /* Debug */ = {
			isa = XCBuildConfiguration;
			buildSettings = {
				GCC_PRECOMPILE_PREFIX_HEADER = YES;
				GCC_PREFIX_HEADER = "EOSFTPServer/Mac Demo/EOSFTPServerDesktop-Prefix.pch";
				INFOPLIST_FILE = "EOSFTPServer/Mac Demo/EOSFTPServerDesktop-Info.plist";
				PRODUCT_NAME = "$(TARGET_NAME)";
				WRAPPER_EXTENSION = app;
			};
			name = Debug;
		};
		05F13EFC14EDD210003CDAAB /* Release */ = {
			isa = XCBuildConfiguration;
			buildSettings = {
				GCC_PRECOMPILE_PREFIX_HEADER = YES;
				GCC_PREFIX_HEADER = "EOSFTPServer/Mac Demo/EOSFTPServerDesktop-Prefix.pch";
				INFOPLIST_FILE = "EOSFTPServer/Mac Demo/EOSFTPServerDesktop-Info.plist";
				PRODUCT_NAME = "$(TARGET_NAME)";
				WRAPPER_EXTENSION = app;
			};
			name = Release;
		};
/* End XCBuildConfiguration section */

/* Begin XCConfigurationList section */
		05779EB014EC655E006C5D55 /* Build configuration list for PBXProject "EOSFTPServer" */ = {
			isa = XCConfigurationList;
			buildConfigurations = (
				05779EC514EC655F006C5D55 /* Debug */,
				05779EC614EC655F006C5D55 /* Release */,
			);
			defaultConfigurationIsVisible = 0;
			defaultConfigurationName = Release;
		};
		05779EC714EC655F006C5D55 /* Build configuration list for PBXNativeTarget "EOSFTPServer" */ = {
			isa = XCConfigurationList;
			buildConfigurations = (
				05779EC814EC655F006C5D55 /* Debug */,
				05779EC914EC655F006C5D55 /* Release */,
			);
			defaultConfigurationIsVisible = 0;
			defaultConfigurationName = Release;
		};
		05E445A614F03343005A9A73 /* Build configuration list for PBXNativeTarget "AsyncSocket" */ = {
			isa = XCConfigurationList;
			buildConfigurations = (
				05E445A714F03343005A9A73 /* Debug */,
				05E445A814F03343005A9A73 /* Release */,
			);
			defaultConfigurationIsVisible = 0;
			defaultConfigurationName = Release;
		};
		05F13EFA14EDD210003CDAAB /* Build configuration list for PBXNativeTarget "EOSFTPServerDesktop" */ = {
			isa = XCConfigurationList;
			buildConfigurations = (
				05F13EFB14EDD210003CDAAB /* Debug */,
				05F13EFC14EDD210003CDAAB /* Release */,
			);
			defaultConfigurationIsVisible = 0;
			defaultConfigurationName = Release;
		};
/* End XCConfigurationList section */
	};
	rootObject = 05779EAD14EC655E006C5D55 /* Project object */;
}
